
Microsoft Visual Studio Solution File, Format Version 12.00
# Visual Studio Express 14 for Windows Desktop
VisualStudioVersion = 14.0.25420.1
MinimumVisualStudioVersion = 10.0.40219.1
Project("{FAE04EC0-301F-11D3-BF4B-00C04F79EFBC}") = "WaveGesture2018", "WaveGesture2018\WaveGesture2018.csproj", "{86EF8B9D-CBD2-45BD-9FF5-1A1F218062D9}"
EndProject
Global
	GlobalSection(SolutionConfigurationPlatforms) = preSolution
		Debug|Any CPU = Debug|Any CPU
		Release|Any CPU = Release|Any CPU
	EndGlobalSection
	GlobalSection(ProjectConfigurationPlatforms) = postSolution
		{86EF8B9D-CBD2-45BD-9FF5-1A1F218062D9}.Debug|Any CPU.ActiveCfg = Debug|Any CPU
		{86EF8B9D-CBD2-45BD-9FF5-1A1F218062D9}.Debug|Any CPU.Build.0 = Debug|Any CPU
		{86EF8B9D-CBD2-45BD-9FF5-1A1F218062D9}.Release|Any CPU.ActiveCfg = Release|Any CPU
		{86EF8B9D-CBD2-45BD-9FF5-1A1F218062D9}.Release|Any CPU.Build.0 = Release|Any CPU
	EndGlobalSection
	GlobalSection(SolutionProperties) = preSolution
		HideSolutionNode = FALSE
	EndGlobalSection
	GlobalSection(ExtensibilityGlobals) = postSolution
		SolutionGuid = {E758F8CD-12D7-4683-B07F-9581ED415214}
	EndGlobalSection
EndGlobal
